# region Color
# Background
TextBlockBackground: transparent
TextBlockBackgroundPointerOver: transparent
TextBlockBackgroundPressed: transparent
TextBlockBackgroundDisabled: transparent

# Foreground (Text)
TextBlockForeground: TextFillColorPrimaryBrush
TextBlockForegroundPointerOver: TextFillColorPrimaryBrush
TextBlockForegroundPressed: TextFillColorSecondaryBrush
TextBlockForegroundDisabled: TextFillColorDisabledBrush
# endregion